
Microsoft Visual Studio Solution File, Format Version 12.00
# Visual Studio 15
VisualStudioVersion = 15.0.27130.2020
MinimumVisualStudioVersion = 10.0.40219.1
Project("{8BC9CEB8-8B4A-11D0-8D11-00A0C91BC942}") = "Meme", "Meme\Meme.vcxproj", "{760C5A26-6E15-4138-AB5C-230688543082}"
EndProject
Global
	GlobalSection(SolutionConfigurationPlatforms) = preSolution
		Debug|x64 = Debug|x64
		Debug|x86 = Debug|x86
		Release|x64 = Release|x64
		Release|x86 = Release|x86
	EndGlobalSection
	GlobalSection(ProjectConfigurationPlatforms) = postSolution
		{760C5A26-6E15-4138-AB5C-230688543082}.Debug|x64.ActiveCfg = Debug|x64
		{760C5A26-6E15-4138-AB5C-230688543082}.Debug|x64.Build.0 = Debug|x64
		{760C5A26-6E15-4138-AB5C-230688543082}.Debug|x86.ActiveCfg = Debug|Win32
		{760C5A26-6E15-4138-AB5C-230688543082}.Debug|x86.Build.0 = Debug|Win32
		{760C5A26-6E15-4138-AB5C-230688543082}.Release|x64.ActiveCfg = Release|x64
		{760C5A26-6E15-4138-AB5C-230688543082}.Release|x64.Build.0 = Release|x64
		{760C5A26-6E15-4138-AB5C-230688543082}.Release|x86.ActiveCfg = Release|Win32
		{760C5A26-6E15-4138-AB5C-230688543082}.Release|x86.Build.0 = Release|Win32
	EndGlobalSection
	GlobalSection(SolutionProperties) = preSolution
		HideSolutionNode = FALSE
	EndGlobalSection
	GlobalSection(ExtensibilityGlobals) = postSolution
		SolutionGuid = {EEA98750-D803-4600-9113-E4DBB7FC48B4}
	EndGlobalSection
EndGlobal
